// !$*UTF8*$!
{
	archiveVersion = 1;
	classes = {
	};
	objectVersion = 46;
	objects = {

/* Begin PBXBuildFile section */
		8D8802E419AC1A6E000C4349 /* MenuView.swift in Sources */ = {isa = PBXBuildFile; fileRef = 8D8802E319AC1A6E000C4349 /* MenuView.swift */; };
		8D8802E619AC1ABE000C4349 /* KeyView.swift in Sources */ = {isa = PBXBuildFile; fileRef = 8D8802E519AC1ABE000C4349 /* KeyView.swift */; };
		8DC8C29D19AA89B000AAC962 /* KeyboardTouchView.swift in Sources */ = {isa = PBXBuildFile; fileRef = 8DC8C29C19AA89B000AAC962 /* KeyboardTouchView.swift */; };
		8DFA8FEA19A6994D00CA4775 /* AppDelegate.swift in Sources */ = {isa = PBXBuildFile; fileRef = 8DFA8FE919A6994D00CA4775 /* AppDelegate.swift */; };
		8DFA8FEC19A6994D00CA4775 /* ViewController.swift in Sources */ = {isa = PBXBuildFile; fileRef = 8DFA8FEB19A6994D00CA4775 /* ViewController.swift */; };
		8DFA8FEF19A6994D00CA4775 /* Main.storyboard in Resources */ = {isa = PBXBuildFile; fileRef = 8DFA8FED19A6994D00CA4775 /* Main.storyboard */; };
		8DFA8FF119A6994D00CA4775 /* Images.xcassets in Resources */ = {isa = PBXBuildFile; fileRef = 8DFA8FF019A6994D00CA4775 /* Images.xcassets */; };
		8DFA8FFD19A6994D00CA4775 /* testviewstuffTests.swift in Sources */ = {isa = PBXBuildFile; fileRef = 8DFA8FFC19A6994D00CA4775 /* testviewstuffTests.swift */; };
/* End PBXBuildFile section */

/* Begin PBXContainerItemProxy section */
		8DFA8FF719A6994D00CA4775 /* PBXContainerItemProxy */ = {
			isa = PBXContainerItemProxy;
			containerPortal = 8DFA8FDC19A6994D00CA4775 /* Project object */;
			proxyType = 1;
			remoteGlobalIDString = 8DFA8FE319A6994D00CA4775;
			remoteInfo = testviewstuff;
		};
/* End PBXContainerItemProxy section */

/* Begin PBXFileReference section */
		8D8802E319AC1A6E000C4349 /* MenuView.swift */ = {isa = PBXFileReference; fileEncoding = 4; lastKnownFileType = sourcecode.swift; path = MenuView.swift; sourceTree = "<group>"; };
		8D8802E519AC1ABE000C4349 /* KeyView.swift */ = {isa = PBXFileReference; fileEncoding = 4; lastKnownFileType = sourcecode.swift; path = KeyView.swift; sourceTree = "<group>"; };
		8DC8C29C19AA89B000AAC962 /* KeyboardTouchView.swift */ = {isa = PBXFileReference; fileEncoding = 4; lastKnownFileType = sourcecode.swift; path = KeyboardTouchView.swift; sourceTree = "<group>"; };
		8DFA8FE419A6994D00CA4775 /* testviewstuff.app */ = {isa = PBXFileReference; explicitFileType = wrapper.application; includeInIndex = 0; path = testviewstuff.app; sourceTree = BUILT_PRODUCTS_DIR; };
		8DFA8FE819A6994D00CA4775 /* Info.plist */ = {isa = PBXFileReference; lastKnownFileType = text.plist.xml; path = Info.plist; sourceTree = "<group>"; };
		8DFA8FE919A6994D00CA4775 /* AppDelegate.swift */ = {isa = PBXFileReference; lastKnownFileType = sourcecode.swift; path = AppDelegate.swift; sourceTree = "<group>"; };
		8DFA8FEB19A6994D00CA4775 /* ViewController.swift */ = {isa = PBXFileReference; lastKnownFileType = sourcecode.swift; path = ViewController.swift; sourceTree = "<group>"; };
		8DFA8FEE19A6994D00CA4775 /* Base */ = {isa = PBXFileReference; lastKnownFileType = file.storyboard; name = Base; path = Base.lproj/Main.storyboard; sourceTree = "<group>"; };
		8DFA8FF019A6994D00CA4775 /* Images.xcassets */ = {isa = PBXFileReference; lastKnownFileType = folder.assetcatalog; path = Images.xcassets; sourceTree = "<group>"; };
		8DFA8FF619A6994D00CA4775 /* testviewstuffTests.xctest */ = {isa = PBXFileReference; explicitFileType = wrapper.cfbundle; includeInIndex = 0; path = testviewstuffTests.xctest; sourceTree = BUILT_PRODUCTS_DIR; };
		8DFA8FFB19A6994D00CA4775 /* Info.plist */ = {isa = PBXFileReference; lastKnownFileType = text.plist.xml; path = Info.plist; sourceTree = "<group>"; };
		8DFA8FFC19A6994D00CA4775 /* testviewstuffTests.swift */ = {isa = PBXFileReference; lastKnownFileType = sourcecode.swift; path = testviewstuffTests.swift; sourceTree = "<group>"; };
/* End PBXFileReference section */

/* Begin PBXFrameworksBuildPhase section */
		8DFA8FE119A6994D00CA4775 /* Frameworks */ = {
			isa = PBXFrameworksBuildPhase;
			buildActionMask = 2147483647;
			files = (
			);
			runOnlyForDeploymentPostprocessing = 0;
		};
		8DFA8FF319A6994D00CA4775 /* Frameworks */ = {
			isa = PBXFrameworksBuildPhase;
			buildActionMask = 2147483647;
			files = (
			);
			runOnlyForDeploymentPostprocessing = 0;
		};
/* End PBXFrameworksBuildPhase section */

/* Begin PBXGroup section */
		8DFA8FDB19A6994D00CA4775 = {
			isa = PBXGroup;
			children = (
				8DFA8FE619A6994D00CA4775 /* testviewstuff */,
				8DFA8FF919A6994D00CA4775 /* testviewstuffTests */,
				8DFA8FE519A6994D00CA4775 /* Products */,
			);
			sourceTree = "<group>";
		};
		8DFA8FE519A6994D00CA4775 /* Products */ = {
			isa = PBXGroup;
			children = (
				8DFA8FE419A6994D00CA4775 /* testviewstuff.app */,
				8DFA8FF619A6994D00CA4775 /* testviewstuffTests.xctest */,
			);
			name = Products;
			sourceTree = "<group>";
		};
		8DFA8FE619A6994D00CA4775 /* testviewstuff */ = {
			isa = PBXGroup;
			children = (
				8DFA8FE919A6994D00CA4775 /* AppDelegate.swift */,
				8DFA8FEB19A6994D00CA4775 /* ViewController.swift */,
				8D8802E519AC1ABE000C4349 /* KeyView.swift */,
				8D8802E319AC1A6E000C4349 /* MenuView.swift */,
				8DC8C29C19AA89B000AAC962 /* KeyboardTouchView.swift */,
				8DFA8FED19A6994D00CA4775 /* Main.storyboard */,
				8DFA8FF019A6994D00CA4775 /* Images.xcassets */,
				8DFA8FE719A6994D00CA4775 /* Supporting Files */,
			);
			path = testviewstuff;
			sourceTree = "<group>";
		};
		8DFA8FE719A6994D00CA4775 /* Supporting Files */ = {
			isa = PBXGroup;
			children = (
				8DFA8FE819A6994D00CA4775 /* Info.plist */,
			);
			name = "Supporting Files";
			sourceTree = "<group>";
		};
		8DFA8FF919A6994D00CA4775 /* testviewstuffTests */ = {
			isa = PBXGroup;
			children = (
				8DFA8FFC19A6994D00CA4775 /* testviewstuffTests.swift */,
				8DFA8FFA19A6994D00CA4775 /* Supporting Files */,
			);
			path = testviewstuffTests;
			sourceTree = "<group>";
		};
		8DFA8FFA19A6994D00CA4775 /* Supporting Files */ = {
			isa = PBXGroup;
			children = (
				8DFA8FFB19A6994D00CA4775 /* Info.plist */,
			);
			name = "Supporting Files";
			sourceTree = "<group>";
		};
/* End PBXGroup section */

/* Begin PBXNativeTarget section */
		8DFA8FE319A6994D00CA4775 /* testviewstuff */ = {
			isa = PBXNativeTarget;
			buildConfigurationList = 8DFA900019A6994D00CA4775 /* Build configuration list for PBXNativeTarget "testviewstuff" */;
			buildPhases = (
				8DFA8FE019A6994D00CA4775 /* Sources */,
				8DFA8FE119A6994D00CA4775 /* Frameworks */,
				8DFA8FE219A6994D00CA4775 /* Resources */,
			);
			buildRules = (
			);
			dependencies = (
			);
			name = testviewstuff;
			productName = testviewstuff;
			productReference = 8DFA8FE419A6994D00CA4775 /* testviewstuff.app */;
			productType = "com.apple.product-type.application";
		};
		8DFA8FF519A6994D00CA4775 /* testviewstuffTests */ = {
			isa = PBXNativeTarget;
			buildConfigurationList = 8DFA900319A6994D00CA4775 /* Build configuration list for PBXNativeTarget "testviewstuffTests" */;
			buildPhases = (
				8DFA8FF219A6994D00CA4775 /* Sources */,
				8DFA8FF319A6994D00CA4775 /* Frameworks */,
				8DFA8FF419A6994D00CA4775 /* Resources */,
			);
			buildRules = (
			);
			dependencies = (
				8DFA8FF819A6994D00CA4775 /* PBXTargetDependency */,
			);
			name = testviewstuffTests;
			productName = testviewstuffTests;
			productReference = 8DFA8FF619A6994D00CA4775 /* testviewstuffTests.xctest */;
			productType = "com.apple.product-type.bundle.unit-test";
		};
/* End PBXNativeTarget section */

/* Begin PBXProject section */
		8DFA8FDC19A6994D00CA4775 /* Project object */ = {
			isa = PBXProject;
			attributes = {
				LastUpgradeCheck = 0600;
				ORGANIZATIONNAME = "Stewart Jackson";
				TargetAttributes = {
					8DFA8FE319A6994D00CA4775 = {
						CreatedOnToolsVersion = 6.0;
					};
					8DFA8FF519A6994D00CA4775 = {
						CreatedOnToolsVersion = 6.0;
						TestTargetID = 8DFA8FE319A6994D00CA4775;
					};
				};
			};
			buildConfigurationList = 8DFA8FDF19A6994D00CA4775 /* Build configuration list for PBXProject "testviewstuff" */;
			compatibilityVersion = "Xcode 3.2";
			developmentRegion = English;
			hasScannedForEncodings = 0;
			knownRegions = (
				en,
				Base,
			);
			mainGroup = 8DFA8FDB19A6994D00CA4775;
			productRefGroup = 8DFA8FE519A6994D00CA4775 /* Products */;
			projectDirPath = "";
			projectRoot = "";
			targets = (
				8DFA8FE319A6994D00CA4775 /* testviewstuff */,
				8DFA8FF519A6994D00CA4775 /* testviewstuffTests */,
			);
		};
/* End PBXProject section */

/* Begin PBXResourcesBuildPhase section */
		8DFA8FE219A6994D00CA4775 /* Resources */ = {
			isa = PBXResourcesBuildPhase;
			buildActionMask = 2147483647;
			files = (
				8DFA8FEF19A6994D00CA4775 /* Main.storyboard in Resources */,
				8DFA8FF119A6994D00CA4775 /* Images.xcassets in Resources */,
			);
			runOnlyForDeploymentPostprocessing = 0;
		};
		8DFA8FF419A6994D00CA4775 /* Resources */ = {
			isa = PBXResourcesBuildPhase;
			buildActionMask = 2147483647;
			files = (
			);
			runOnlyForDeploymentPostprocessing = 0;
		};
/* End PBXResourcesBuildPhase section */

/* Begin PBXSourcesBuildPhase section */
		8DFA8FE019A6994D00CA4775 /* Sources */ = {
			isa = PBXSourcesBuildPhase;
			buildActionMask = 2147483647;
			files = (
				8D8802E419AC1A6E000C4349 /* MenuView.swift in Sources */,
				8DFA8FEC19A6994D00CA4775 /* ViewController.swift in Sources */,
				8D8802E619AC1ABE000C4349 /* KeyView.swift in Sources */,
				8DC8C29D19AA89B000AAC962 /* KeyboardTouchView.swift in Sources */,
				8DFA8FEA19A6994D00CA4775 /* AppDelegate.swift in Sources */,
			);
			runOnlyForDeploymentPostprocessing = 0;
		};
		8DFA8FF219A6994D00CA4775 /* Sources */ = {
			isa = PBXSourcesBuildPhase;
			buildActionMask = 2147483647;
			files = (
				8DFA8FFD19A6994D00CA4775 /* testviewstuffTests.swift in Sources */,
			);
			runOnlyForDeploymentPostprocessing = 0;
		};
/* End PBXSourcesBuildPhase section */

/* Begin PBXTargetDependency section */
		8DFA8FF819A6994D00CA4775 /* PBXTargetDependency */ = {
			isa = PBXTargetDependency;
			target = 8DFA8FE319A6994D00CA4775 /* testviewstuff */;
			targetProxy = 8DFA8FF719A6994D00CA4775 /* PBXContainerItemProxy */;
		};
/* End PBXTargetDependency section */

/* Begin PBXVariantGroup section */
		8DFA8FED19A6994D00CA4775 /* Main.storyboard */ = {
			isa = PBXVariantGroup;
			children = (
				8DFA8FEE19A6994D00CA4775 /* Base */,
			);
			name = Main.storyboard;
			sourceTree = "<group>";
		};
/* End PBXVariantGroup section */

/* Begin XCBuildConfiguration section */
		8DFA8FFE19A6994D00CA4775 /* Debug */ = {
			isa = XCBuildConfiguration;
			buildSettings = {
				ALWAYS_SEARCH_USER_PATHS = NO;
				CLANG_CXX_LANGUAGE_STANDARD = "gnu++0x";
				CLANG_CXX_LIBRARY = "libc++";
				CLANG_ENABLE_MODULES = YES;
				CLANG_ENABLE_OBJC_ARC = YES;
				CLANG_WARN_BOOL_CONVERSION = YES;
				CLANG_WARN_CONSTANT_CONVERSION = YES;
				CLANG_WARN_DIRECT_OBJC_ISA_USAGE = YES_ERROR;
				CLANG_WARN_EMPTY_BODY = YES;
				CLANG_WARN_ENUM_CONVERSION = YES;
				CLANG_WARN_INT_CONVERSION = YES;
				CLANG_WARN_OBJC_ROOT_CLASS = YES_ERROR;
				CLANG_WARN_UNREACHABLE_CODE = YES;
				CLANG_WARN__DUPLICATE_METHOD_MATCH = YES;
				"CODE_SIGN_IDENTITY[sdk=iphoneos*]" = "iPhone Developer";
				COPY_PHASE_STRIP = NO;
				ENABLE_STRICT_OBJC_MSGSEND = YES;
				GCC_C_LANGUAGE_STANDARD = gnu99;
				GCC_DYNAMIC_NO_PIC = NO;
				GCC_OPTIMIZATION_LEVEL = 0;
				GCC_PREPROCESSOR_DEFINITIONS = (
					"DEBUG=1",
					"$(inherited)",
				);
				GCC_SYMBOLS_PRIVATE_EXTERN = NO;
				GCC_WARN_64_TO_32_BIT_CONVERSION = YES;
				GCC_WARN_ABOUT_RETURN_TYPE = YES_ERROR;
				GCC_WARN_UNDECLARED_SELECTOR = YES;
				GCC_WARN_UNINITIALIZED_AUTOS = YES_AGGRESSIVE;
				GCC_WARN_UNUSED_FUNCTION = YES;
				GCC_WARN_UNUSED_VARIABLE = YES;
				IPHONEOS_DEPLOYMENT_TARGET = 8.0;
				MTL_ENABLE_DEBUG_INFO = YES;
				ONLY_ACTIVE_ARCH = YES;
				SDKROOT = iphoneos;
				SWIFT_OPTIMIZATION_LEVEL = "-Onone";
			};
			name = Debug;
		};
		8DFA8FFF19A6994D00CA4775 /* Release */ = {
			isa = XCBuildConfiguration;
			buildSettings = {
				ALWAYS_SEARCH_USER_PATHS = NO;
				CLANG_CXX_LANGUAGE_STANDARD = "gnu++0x";
				CLANG_CXX_LIBRARY = "libc++";
				CLANG_ENABLE_MODULES = YES;
				CLANG_ENABLE_OBJC_ARC = YES;
				CLANG_WARN_BOOL_CONVERSION = YES;
				CLANG_WARN_CONSTANT_CONVERSION = YES;
				CLANG_WARN_DIRECT_OBJC_ISA_USAGE = YES_ERROR;
				CLANG_WARN_EMPTY_BODY = YES;
				CLANG_WARN_ENUM_CONVERSION = YES;
				CLANG_WARN_INT_CONVERSION = YES;
				CLANG_WARN_OBJC_ROOT_CLASS = YES_ERROR;
				CLANG_WARN_UNREACHABLE_CODE = YES;
				CLANG_WARN__DUPLICATE_METHOD_MATCH = YES;
				"CODE_SIGN_IDENTITY[sdk=iphoneos*]" = "iPhone Developer";
				COPY_PHASE_STRIP = YES;
				ENABLE_NS_ASSERTIONS = NO;
				ENABLE_STRICT_OBJC_MSGSEND = YES;
				GCC_C_LANGUAGE_STANDARD = gnu99;
				GCC_WARN_64_TO_32_BIT_CONVERSION = YES;
				GCC_WARN_ABOUT_RETURN_TYPE = YES_ERROR;
				GCC_WARN_UNDECLARED_SELECTOR = YES;
				GCC_WARN_UNINITIALIZED_AUTOS = YES_AGGRESSIVE;
				GCC_WARN_UNUSED_FUNCTION = YES;
				GCC_WARN_UNUSED_VARIABLE = YES;
				IPHONEOS_DEPLOYMENT_TARGET = 8.0;
				MTL_ENABLE_DEBUG_INFO = NO;
				SDKROOT = iphoneos;
				VALIDATE_PRODUCT = YES;
			};
			name = Release;
		};
		8DFA900119A6994D00CA4775 /* Debug */ = {
			isa = XCBuildConfiguration;
			buildSettings = {
				ASSETCATALOG_COMPILER_APPICON_NAME = AppIcon;
				ASSETCATALOG_COMPILER_LAUNCHIMAGE_NAME = LaunchImage;
				INFOPLIST_FILE = testviewstuff/Info.plist;
				LD_RUNPATH_SEARCH_PATHS = "$(inherited) @executable_path/Frameworks";
				PRODUCT_NAME = "$(TARGET_NAME)";
			};
			name = Debug;
		};
		8DFA900219A6994D00CA4775 /* Release */ = {
			isa = XCBuildConfiguration;
			buildSettings = {
				ASSETCATALOG_COMPILER_APPICON_NAME = AppIcon;
				ASSETCATALOG_COMPILER_LAUNCHIMAGE_NAME = LaunchImage;
				INFOPLIST_FILE = testviewstuff/Info.plist;
				LD_RUNPATH_SEARCH_PATHS = "$(inherited) @executable_path/Frameworks";
				PRODUCT_NAME = "$(TARGET_NAME)";
			};
			name = Release;
		};
		8DFA900419A6994D00CA4775 /* Debug */ = {
			isa = XCBuildConfiguration;
			buildSettings = {
				BUNDLE_LOADER = "$(TEST_HOST)";
				FRAMEWORK_SEARCH_PATHS = (
					"$(SDKROOT)/Developer/Library/Frameworks",
					"$(inherited)",
				);
				GCC_PREPROCESSOR_DEFINITIONS = (
					"DEBUG=1",
					"$(inherited)",
				);
				INFOPLIST_FILE = testviewstuffTests/Info.plist;
				LD_RUNPATH_SEARCH_PATHS = "$(inherited) @executable_path/Frameworks @loader_path/Frameworks";
				PRODUCT_NAME = "$(TARGET_NAME)";
				TEST_HOST = "$(BUILT_PRODUCTS_DIR)/testviewstuff.app/testviewstuff";
			};
			name = Debug;
		};
		8DFA900519A6994D00CA4775 /* Release */ = {
			isa = XCBuildConfiguration;
			buildSettings = {
				BUNDLE_LOADER = "$(TEST_HOST)";
				FRAMEWORK_SEARCH_PATHS = (
					"$(SDKROOT)/Developer/Library/Frameworks",
					"$(inherited)",
				);
				INFOPLIST_FILE = testviewstuffTests/Info.plist;
				LD_RUNPATH_SEARCH_PATHS = "$(inherited) @executable_path/Frameworks @loader_path/Frameworks";
				PRODUCT_NAME = "$(TARGET_NAME)";
				TEST_HOST = "$(BUILT_PRODUCTS_DIR)/testviewstuff.app/testviewstuff";
			};
			name = Release;
		};
/* End XCBuildConfiguration section */

/* Begin XCConfigurationList section */
		8DFA8FDF19A6994D00CA4775 /* Build configuration list for PBXProject "testviewstuff" */ = {
			isa = XCConfigurationList;
			buildConfigurations = (
				8DFA8FFE19A6994D00CA4775 /* Debug */,
				8DFA8FFF19A6994D00CA4775 /* Release */,
			);
			defaultConfigurationIsVisible = 0;
			defaultConfigurationName = Release;
		};
		8DFA900019A6994D00CA4775 /* Build configuration list for PBXNativeTarget "testviewstuff" */ = {
			isa = XCConfigurationList;
			buildConfigurations = (
				8DFA900119A6994D00CA4775 /* Debug */,
				8DFA900219A6994D00CA4775 /* Release */,
			);
			defaultConfigurationIsVisible = 0;
			defaultConfigurationName = Release;
		};
		8DFA900319A6994D00CA4775 /* Build configuration list for PBXNativeTarget "testviewstuffTests" */ = {
			isa = XCConfigurationList;
			buildConfigurations = (
				8DFA900419A6994D00CA4775 /* Debug */,
				8DFA900519A6994D00CA4775 /* Release */,
			);
			defaultConfigurationIsVisible = 0;
			defaultConfigurationName = Release;
		};
/* End XCConfigurationList section */
	};
	rootObject = 8DFA8FDC19A6994D00CA4775 /* Project object */;
}
